// !$*UTF8*$!
{
	archiveVersion = 1;
	classes = {
	};
	objectVersion = 50;
	objects = {

/* Begin PBXBuildFile section */
		1105689624EDD2A100477C52 /* AppDelegate.swift in Sources */ = {isa = PBXBuildFile; fileRef = 1105689524EDD2A100477C52 /* AppDelegate.swift */; };
		1105689A24EDD2A100477C52 /* CityListViewController.swift in Sources */ = {isa = PBXBuildFile; fileRef = 1105689924EDD2A100477C52 /* CityListViewController.swift */; };
		110568A024EDD2A100477C52 /* TestWeatherApp.xcdatamodeld in Sources */ = {isa = PBXBuildFile; fileRef = 1105689E24EDD2A100477C52 /* TestWeatherApp.xcdatamodeld */; };
		110568A224EDD2A300477C52 /* Assets.xcassets in Resources */ = {isa = PBXBuildFile; fileRef = 110568A124EDD2A300477C52 /* Assets.xcassets */; };
		110568A524EDD2A300477C52 /* LaunchScreen.storyboard in Resources */ = {isa = PBXBuildFile; fileRef = 110568A324EDD2A300477C52 /* LaunchScreen.storyboard */; };
		110568AD24EDD41200477C52 /* Constants.swift in Sources */ = {isa = PBXBuildFile; fileRef = 110568AC24EDD41200477C52 /* Constants.swift */; };
		110568AF24EDDDB400477C52 /* ContextSingltone.swift in Sources */ = {isa = PBXBuildFile; fileRef = 110568AE24EDDDB400477C52 /* ContextSingltone.swift */; };
		11696E7E24EF6D7200E8FF08 /* CustomCityCell.swift in Sources */ = {isa = PBXBuildFile; fileRef = 11696E7D24EF6D7200E8FF08 /* CustomCityCell.swift */; };
		118A197E24EF2C8800A1394A /* AddNewCityViewController.swift in Sources */ = {isa = PBXBuildFile; fileRef = 118A197D24EF2C8800A1394A /* AddNewCityViewController.swift */; };
		11CA373524EDEE1C00A02786 /* GetCurrentWeather.swift in Sources */ = {isa = PBXBuildFile; fileRef = 11CA373424EDEE1C00A02786 /* GetCurrentWeather.swift */; };
		11CA373F24EEE08C00A02786 /* WeatherData.swift in Sources */ = {isa = PBXBuildFile; fileRef = 11CA373E24EEE08C00A02786 /* WeatherData.swift */; };
		11F8D4CC24EF7165000A71E2 /* CityCell.xib in Resources */ = {isa = PBXBuildFile; fileRef = 11F8D4CB24EF7164000A71E2 /* CityCell.xib */; };
		11F8D4DE24EFAF69000A71E2 /* TableViewController.xib in Resources */ = {isa = PBXBuildFile; fileRef = 11F8D4DD24EFAF69000A71E2 /* TableViewController.xib */; };
		11F8D4E124EFBF0F000A71E2 /* AddNewCity.xib in Resources */ = {isa = PBXBuildFile; fileRef = 11F8D4E024EFBF0F000A71E2 /* AddNewCity.xib */; };
		11F8D4E924EFDE6A000A71E2 /* DetailsViewController.swift in Sources */ = {isa = PBXBuildFile; fileRef = 11F8D4E824EFDE6A000A71E2 /* DetailsViewController.swift */; };
		11F8D4ED24EFE735000A71E2 /* DetailsView.xib in Resources */ = {isa = PBXBuildFile; fileRef = 11F8D4EC24EFE735000A71E2 /* DetailsView.xib */; };
		11F8D4EF24EFE9B9000A71E2 /* CustomDetailsViewCell.xib in Resources */ = {isa = PBXBuildFile; fileRef = 11F8D4EE24EFE9B9000A71E2 /* CustomDetailsViewCell.xib */; };
		11F8D4F124EFE9CF000A71E2 /* CustomDetailsViewCell.swift in Sources */ = {isa = PBXBuildFile; fileRef = 11F8D4F024EFE9CF000A71E2 /* CustomDetailsViewCell.swift */; };
		11F8D51B24F0B299000A71E2 /* DailyWeatherModel.swift in Sources */ = {isa = PBXBuildFile; fileRef = 11F8D51A24F0B299000A71E2 /* DailyWeatherModel.swift */; };
		11F8D53124F23132000A71E2 /* GetDailyWeather.swift in Sources */ = {isa = PBXBuildFile; fileRef = 11F8D53024F23132000A71E2 /* GetDailyWeather.swift */; };
		11F8D55E24F360C1000A71E2 /* WeatherData+CoreDataClass.swift in Sources */ = {isa = PBXBuildFile; fileRef = 11F8D55A24F360C1000A71E2 /* WeatherData+CoreDataClass.swift */; };
		11F8D55F24F360C1000A71E2 /* WeatherData+CoreDataProperties.swift in Sources */ = {isa = PBXBuildFile; fileRef = 11F8D55B24F360C1000A71E2 /* WeatherData+CoreDataProperties.swift */; };
		11F8D56024F360C1000A71E2 /* DailyWeather+CoreDataClass.swift in Sources */ = {isa = PBXBuildFile; fileRef = 11F8D55C24F360C1000A71E2 /* DailyWeather+CoreDataClass.swift */; };
		11F8D56124F360C1000A71E2 /* DailyWeather+CoreDataProperties.swift in Sources */ = {isa = PBXBuildFile; fileRef = 11F8D55D24F360C1000A71E2 /* DailyWeather+CoreDataProperties.swift */; };
/* End PBXBuildFile section */

/* Begin PBXFileReference section */
		1105689224EDD2A100477C52 /* TestWeatherApp.app */ = {isa = PBXFileReference; explicitFileType = wrapper.application; includeInIndex = 0; path = TestWeatherApp.app; sourceTree = BUILT_PRODUCTS_DIR; };
		1105689524EDD2A100477C52 /* AppDelegate.swift */ = {isa = PBXFileReference; lastKnownFileType = sourcecode.swift; path = AppDelegate.swift; sourceTree = "<group>"; };
		1105689924EDD2A100477C52 /* CityListViewController.swift */ = {isa = PBXFileReference; lastKnownFileType = sourcecode.swift; path = CityListViewController.swift; sourceTree = "<group>"; };
		1105689F24EDD2A100477C52 /* TestWeatherApp.xcdatamodel */ = {isa = PBXFileReference; lastKnownFileType = wrapper.xcdatamodel; path = TestWeatherApp.xcdatamodel; sourceTree = "<group>"; };
		110568A124EDD2A300477C52 /* Assets.xcassets */ = {isa = PBXFileReference; lastKnownFileType = folder.assetcatalog; path = Assets.xcassets; sourceTree = "<group>"; };
		110568A424EDD2A300477C52 /* Base */ = {isa = PBXFileReference; lastKnownFileType = file.storyboard; name = Base; path = Base.lproj/LaunchScreen.storyboard; sourceTree = "<group>"; };
		110568A624EDD2A300477C52 /* Info.plist */ = {isa = PBXFileReference; lastKnownFileType = text.plist.xml; path = Info.plist; sourceTree = "<group>"; };
		110568AC24EDD41200477C52 /* Constants.swift */ = {isa = PBXFileReference; lastKnownFileType = sourcecode.swift; path = Constants.swift; sourceTree = "<group>"; };
		110568AE24EDDDB400477C52 /* ContextSingltone.swift */ = {isa = PBXFileReference; lastKnownFileType = sourcecode.swift; path = ContextSingltone.swift; sourceTree = "<group>"; };
		11696E7D24EF6D7200E8FF08 /* CustomCityCell.swift */ = {isa = PBXFileReference; lastKnownFileType = sourcecode.swift; path = CustomCityCell.swift; sourceTree = "<group>"; };
		118A197D24EF2C8800A1394A /* AddNewCityViewController.swift */ = {isa = PBXFileReference; lastKnownFileType = sourcecode.swift; path = AddNewCityViewController.swift; sourceTree = "<group>"; };
		11CA373424EDEE1C00A02786 /* GetCurrentWeather.swift */ = {isa = PBXFileReference; lastKnownFileType = sourcecode.swift; path = GetCurrentWeather.swift; sourceTree = "<group>"; };
		11CA373E24EEE08C00A02786 /* WeatherData.swift */ = {isa = PBXFileReference; lastKnownFileType = sourcecode.swift; path = WeatherData.swift; sourceTree = "<group>"; };
		11F8D4CB24EF7164000A71E2 /* CityCell.xib */ = {isa = PBXFileReference; fileEncoding = 4; lastKnownFileType = file.xib; path = CityCell.xib; sourceTree = "<group>"; };
		11F8D4DD24EFAF69000A71E2 /* TableViewController.xib */ = {isa = PBXFileReference; lastKnownFileType = file.xib; path = TableViewController.xib; sourceTree = "<group>"; };
		11F8D4E024EFBF0F000A71E2 /* AddNewCity.xib */ = {isa = PBXFileReference; lastKnownFileType = file.xib; path = AddNewCity.xib; sourceTree = "<group>"; };
		11F8D4E824EFDE6A000A71E2 /* DetailsViewController.swift */ = {isa = PBXFileReference; lastKnownFileType = sourcecode.swift; path = DetailsViewController.swift; sourceTree = "<group>"; };
		11F8D4EC24EFE735000A71E2 /* DetailsView.xib */ = {isa = PBXFileReference; lastKnownFileType = file.xib; path = DetailsView.xib; sourceTree = "<group>"; };
		11F8D4EE24EFE9B9000A71E2 /* CustomDetailsViewCell.xib */ = {isa = PBXFileReference; lastKnownFileType = file.xib; path = CustomDetailsViewCell.xib; sourceTree = "<group>"; };
		11F8D4F024EFE9CF000A71E2 /* CustomDetailsViewCell.swift */ = {isa = PBXFileReference; lastKnownFileType = sourcecode.swift; path = CustomDetailsViewCell.swift; sourceTree = "<group>"; };
		11F8D51A24F0B299000A71E2 /* DailyWeatherModel.swift */ = {isa = PBXFileReference; lastKnownFileType = sourcecode.swift; path = DailyWeatherModel.swift; sourceTree = "<group>"; };
		11F8D53024F23132000A71E2 /* GetDailyWeather.swift */ = {isa = PBXFileReference; lastKnownFileType = sourcecode.swift; path = GetDailyWeather.swift; sourceTree = "<group>"; };
		11F8D55A24F360C1000A71E2 /* WeatherData+CoreDataClass.swift */ = {isa = PBXFileReference; lastKnownFileType = sourcecode.swift; path = "WeatherData+CoreDataClass.swift"; sourceTree = "<group>"; };
		11F8D55B24F360C1000A71E2 /* WeatherData+CoreDataProperties.swift */ = {isa = PBXFileReference; lastKnownFileType = sourcecode.swift; path = "WeatherData+CoreDataProperties.swift"; sourceTree = "<group>"; };
		11F8D55C24F360C1000A71E2 /* DailyWeather+CoreDataClass.swift */ = {isa = PBXFileReference; lastKnownFileType = sourcecode.swift; path = "DailyWeather+CoreDataClass.swift"; sourceTree = "<group>"; };
		11F8D55D24F360C1000A71E2 /* DailyWeather+CoreDataProperties.swift */ = {isa = PBXFileReference; lastKnownFileType = sourcecode.swift; path = "DailyWeather+CoreDataProperties.swift"; sourceTree = "<group>"; };
/* End PBXFileReference section */

/* Begin PBXFrameworksBuildPhase section */
		1105688F24EDD2A100477C52 /* Frameworks */ = {
			isa = PBXFrameworksBuildPhase;
			buildActionMask = 2147483647;
			files = (
			);
			runOnlyForDeploymentPostprocessing = 0;
		};
/* End PBXFrameworksBuildPhase section */

/* Begin PBXGroup section */
		1105688924EDD2A100477C52 = {
			isa = PBXGroup;
			children = (
				1105689424EDD2A100477C52 /* TestWeatherApp */,
				1105689324EDD2A100477C52 /* Products */,
			);
			sourceTree = "<group>";
		};
		1105689324EDD2A100477C52 /* Products */ = {
			isa = PBXGroup;
			children = (
				1105689224EDD2A100477C52 /* TestWeatherApp.app */,
			);
			name = Products;
			sourceTree = "<group>";
		};
		1105689424EDD2A100477C52 /* TestWeatherApp */ = {
			isa = PBXGroup;
			children = (
				110568B824EDDDF700477C52 /* Core Data */,
				110568B924EDE02000477C52 /* Supporting Files */,
				11F8D4DF24EFBE9B000A71E2 /* CityListViewController */,
				11F8D4E424EFD91A000A71E2 /* Model */,
				1105689524EDD2A100477C52 /* AppDelegate.swift */,
				11F8D56224F3A26D000A71E2 /* DetailsViewController */,
				11F8D4E524EFDC78000A71E2 /* AddNewCityVC */,
			);
			path = TestWeatherApp;
			sourceTree = "<group>";
		};
		110568B824EDDDF700477C52 /* Core Data */ = {
			isa = PBXGroup;
			children = (
				11F8D55A24F360C1000A71E2 /* WeatherData+CoreDataClass.swift */,
				11F8D55B24F360C1000A71E2 /* WeatherData+CoreDataProperties.swift */,
				11F8D55C24F360C1000A71E2 /* DailyWeather+CoreDataClass.swift */,
				11F8D55D24F360C1000A71E2 /* DailyWeather+CoreDataProperties.swift */,
				110568AE24EDDDB400477C52 /* ContextSingltone.swift */,
				1105689E24EDD2A100477C52 /* TestWeatherApp.xcdatamodeld */,
			);
			path = "Core Data";
			sourceTree = "<group>";
		};
		110568B924EDE02000477C52 /* Supporting Files */ = {
			isa = PBXGroup;
			children = (
				110568A124EDD2A300477C52 /* Assets.xcassets */,
				110568A624EDD2A300477C52 /* Info.plist */,
				110568A324EDD2A300477C52 /* LaunchScreen.storyboard */,
				110568AC24EDD41200477C52 /* Constants.swift */,
				11CA373424EDEE1C00A02786 /* GetCurrentWeather.swift */,
				11F8D53024F23132000A71E2 /* GetDailyWeather.swift */,
			);
			path = "Supporting Files";
			sourceTree = "<group>";
		};
		11F8D4DF24EFBE9B000A71E2 /* CityListViewController */ = {
			isa = PBXGroup;
			children = (
				1105689924EDD2A100477C52 /* CityListViewController.swift */,
				11F8D4CB24EF7164000A71E2 /* CityCell.xib */,
				11F8D4DD24EFAF69000A71E2 /* TableViewController.xib */,
				11696E7D24EF6D7200E8FF08 /* CustomCityCell.swift */,
			);
			path = CityListViewController;
			sourceTree = "<group>";
		};
		11F8D4E424EFD91A000A71E2 /* Model */ = {
			isa = PBXGroup;
			children = (
				11F8D51A24F0B299000A71E2 /* DailyWeatherModel.swift */,
				11CA373E24EEE08C00A02786 /* WeatherData.swift */,
			);
			path = Model;
			sourceTree = "<group>";
		};
		11F8D4E524EFDC78000A71E2 /* AddNewCityVC */ = {
			isa = PBXGroup;
			children = (
				118A197D24EF2C8800A1394A /* AddNewCityViewController.swift */,
				11F8D4E024EFBF0F000A71E2 /* AddNewCity.xib */,
			);
			path = AddNewCityVC;
			sourceTree = "<group>";
		};
		11F8D56224F3A26D000A71E2 /* DetailsViewController */ = {
			isa = PBXGroup;
			children = (
				11F8D4EC24EFE735000A71E2 /* DetailsView.xib */,
				11F8D4EE24EFE9B9000A71E2 /* CustomDetailsViewCell.xib */,
				11F8D4F024EFE9CF000A71E2 /* CustomDetailsViewCell.swift */,
				11F8D4E824EFDE6A000A71E2 /* DetailsViewController.swift */,
			);
			path = DetailsViewController;
			sourceTree = "<group>";
		};
/* End PBXGroup section */

/* Begin PBXNativeTarget section */
		1105689124EDD2A100477C52 /* TestWeatherApp */ = {
			isa = PBXNativeTarget;
			buildConfigurationList = 110568A924EDD2A300477C52 /* Build configuration list for PBXNativeTarget "TestWeatherApp" */;
			buildPhases = (
				1105688E24EDD2A100477C52 /* Sources */,
				1105688F24EDD2A100477C52 /* Frameworks */,
				1105689024EDD2A100477C52 /* Resources */,
			);
			buildRules = (
			);
			dependencies = (
			);
			name = TestWeatherApp;
			productName = TestWeatherApp;
			productReference = 1105689224EDD2A100477C52 /* TestWeatherApp.app */;
			productType = "com.apple.product-type.application";
		};
/* End PBXNativeTarget section */

/* Begin PBXProject section */
		1105688A24EDD2A100477C52 /* Project object */ = {
			isa = PBXProject;
			attributes = {
				LastSwiftUpdateCheck = 1160;
				LastUpgradeCheck = 1160;
				ORGANIZATIONNAME = "Андрей Ушаков";
				TargetAttributes = {
					1105689124EDD2A100477C52 = {
						CreatedOnToolsVersion = 11.6;
					};
				};
			};
			buildConfigurationList = 1105688D24EDD2A100477C52 /* Build configuration list for PBXProject "TestWeatherApp" */;
			compatibilityVersion = "Xcode 9.3";
			developmentRegion = en;
			hasScannedForEncodings = 0;
			knownRegions = (
				en,
				Base,
			);
			mainGroup = 1105688924EDD2A100477C52;
			productRefGroup = 1105689324EDD2A100477C52 /* Products */;
			projectDirPath = "";
			projectRoot = "";
			targets = (
				1105689124EDD2A100477C52 /* TestWeatherApp */,
			);
		};
/* End PBXProject section */

/* Begin PBXResourcesBuildPhase section */
		1105689024EDD2A100477C52 /* Resources */ = {
			isa = PBXResourcesBuildPhase;
			buildActionMask = 2147483647;
			files = (
				11F8D4DE24EFAF69000A71E2 /* TableViewController.xib in Resources */,
				110568A524EDD2A300477C52 /* LaunchScreen.storyboard in Resources */,
				11F8D4EF24EFE9B9000A71E2 /* CustomDetailsViewCell.xib in Resources */,
				110568A224EDD2A300477C52 /* Assets.xcassets in Resources */,
				11F8D4CC24EF7165000A71E2 /* CityCell.xib in Resources */,
				11F8D4E124EFBF0F000A71E2 /* AddNewCity.xib in Resources */,
				11F8D4ED24EFE735000A71E2 /* DetailsView.xib in Resources */,
			);
			runOnlyForDeploymentPostprocessing = 0;
		};
/* End PBXResourcesBuildPhase section */

/* Begin PBXSourcesBuildPhase section */
		1105688E24EDD2A100477C52 /* Sources */ = {
			isa = PBXSourcesBuildPhase;
			buildActionMask = 2147483647;
			files = (
				11F8D4F124EFE9CF000A71E2 /* CustomDetailsViewCell.swift in Sources */,
				11F8D56124F360C1000A71E2 /* DailyWeather+CoreDataProperties.swift in Sources */,
				110568AD24EDD41200477C52 /* Constants.swift in Sources */,
				11F8D51B24F0B299000A71E2 /* DailyWeatherModel.swift in Sources */,
				110568A024EDD2A100477C52 /* TestWeatherApp.xcdatamodeld in Sources */,
				1105689A24EDD2A100477C52 /* CityListViewController.swift in Sources */,
				11CA373524EDEE1C00A02786 /* GetCurrentWeather.swift in Sources */,
				110568AF24EDDDB400477C52 /* ContextSingltone.swift in Sources */,
				11F8D55E24F360C1000A71E2 /* WeatherData+CoreDataClass.swift in Sources */,
				11F8D53124F23132000A71E2 /* GetDailyWeather.swift in Sources */,
				11F8D55F24F360C1000A71E2 /* WeatherData+CoreDataProperties.swift in Sources */,
				118A197E24EF2C8800A1394A /* AddNewCityViewController.swift in Sources */,
				11F8D56024F360C1000A71E2 /* DailyWeather+CoreDataClass.swift in Sources */,
				11696E7E24EF6D7200E8FF08 /* CustomCityCell.swift in Sources */,
				1105689624EDD2A100477C52 /* AppDelegate.swift in Sources */,
				11CA373F24EEE08C00A02786 /* WeatherData.swift in Sources */,
				11F8D4E924EFDE6A000A71E2 /* DetailsViewController.swift in Sources */,
			);
			runOnlyForDeploymentPostprocessing = 0;
		};
/* End PBXSourcesBuildPhase section */

/* Begin PBXVariantGroup section */
		110568A324EDD2A300477C52 /* LaunchScreen.storyboard */ = {
			isa = PBXVariantGroup;
			children = (
				110568A424EDD2A300477C52 /* Base */,
			);
			name = LaunchScreen.storyboard;
			sourceTree = "<group>";
		};
/* End PBXVariantGroup section */

/* Begin XCBuildConfiguration section */
		110568A724EDD2A300477C52 /* Debug */ = {
			isa = XCBuildConfiguration;
			buildSettings = {
				ALWAYS_SEARCH_USER_PATHS = NO;
				CLANG_ANALYZER_NONNULL = YES;
				CLANG_ANALYZER_NUMBER_OBJECT_CONVERSION = YES_AGGRESSIVE;
				CLANG_CXX_LANGUAGE_STANDARD = "gnu++14";
				CLANG_CXX_LIBRARY = "libc++";
				CLANG_ENABLE_MODULES = YES;
				CLANG_ENABLE_OBJC_ARC = YES;
				CLANG_ENABLE_OBJC_WEAK = YES;
				CLANG_WARN_BLOCK_CAPTURE_AUTORELEASING = YES;
				CLANG_WARN_BOOL_CONVERSION = YES;
				CLANG_WARN_COMMA = YES;
				CLANG_WARN_CONSTANT_CONVERSION = YES;
				CLANG_WARN_DEPRECATED_OBJC_IMPLEMENTATIONS = YES;
				CLANG_WARN_DIRECT_OBJC_ISA_USAGE = YES_ERROR;
				CLANG_WARN_DOCUMENTATION_COMMENTS = YES;
				CLANG_WARN_EMPTY_BODY = YES;
				CLANG_WARN_ENUM_CONVERSION = YES;
				CLANG_WARN_INFINITE_RECURSION = YES;
				CLANG_WARN_INT_CONVERSION = YES;
				CLANG_WARN_NON_LITERAL_NULL_CONVERSION = YES;
				CLANG_WARN_OBJC_IMPLICIT_RETAIN_SELF = YES;
				CLANG_WARN_OBJC_LITERAL_CONVERSION = YES;
				CLANG_WARN_OBJC_ROOT_CLASS = YES_ERROR;
				CLANG_WARN_RANGE_LOOP_ANALYSIS = YES;
				CLANG_WARN_STRICT_PROTOTYPES = YES;
				CLANG_WARN_SUSPICIOUS_MOVE = YES;
				CLANG_WARN_UNGUARDED_AVAILABILITY = YES_AGGRESSIVE;
				CLANG_WARN_UNREACHABLE_CODE = YES;
				CLANG_WARN__DUPLICATE_METHOD_MATCH = YES;
				COPY_PHASE_STRIP = NO;
				DEBUG_INFORMATION_FORMAT = dwarf;
				ENABLE_STRICT_OBJC_MSGSEND = YES;
				ENABLE_TESTABILITY = YES;
				GCC_C_LANGUAGE_STANDARD = gnu11;
				GCC_DYNAMIC_NO_PIC = NO;
				GCC_NO_COMMON_BLOCKS = YES;
				GCC_OPTIMIZATION_LEVEL = 0;
				GCC_PREPROCESSOR_DEFINITIONS = (
					"DEBUG=1",
					"$(inherited)",
				);
				GCC_WARN_64_TO_32_BIT_CONVERSION = YES;
				GCC_WARN_ABOUT_RETURN_TYPE = YES_ERROR;
				GCC_WARN_UNDECLARED_SELECTOR = YES;
				GCC_WARN_UNINITIALIZED_AUTOS = YES_AGGRESSIVE;
				GCC_WARN_UNUSED_FUNCTION = YES;
				GCC_WARN_UNUSED_VARIABLE = YES;
				IPHONEOS_DEPLOYMENT_TARGET = 13.6;
				MTL_ENABLE_DEBUG_INFO = INCLUDE_SOURCE;
				MTL_FAST_MATH = YES;
				ONLY_ACTIVE_ARCH = YES;
				SDKROOT = iphoneos;
				SWIFT_ACTIVE_COMPILATION_CONDITIONS = DEBUG;
				SWIFT_OPTIMIZATION_LEVEL = "-Onone";
			};
			name = Debug;
		};
		110568A824EDD2A300477C52 /* Release */ = {
			isa = XCBuildConfiguration;
			buildSettings = {
				ALWAYS_SEARCH_USER_PATHS = NO;
				CLANG_ANALYZER_NONNULL = YES;
				CLANG_ANALYZER_NUMBER_OBJECT_CONVERSION = YES_AGGRESSIVE;
				CLANG_CXX_LANGUAGE_STANDARD = "gnu++14";
				CLANG_CXX_LIBRARY = "libc++";
				CLANG_ENABLE_MODULES = YES;
				CLANG_ENABLE_OBJC_ARC = YES;
				CLANG_ENABLE_OBJC_WEAK = YES;
				CLANG_WARN_BLOCK_CAPTURE_AUTORELEASING = YES;
				CLANG_WARN_BOOL_CONVERSION = YES;
				CLANG_WARN_COMMA = YES;
				CLANG_WARN_CONSTANT_CONVERSION = YES;
				CLANG_WARN_DEPRECATED_OBJC_IMPLEMENTATIONS = YES;
				CLANG_WARN_DIRECT_OBJC_ISA_USAGE = YES_ERROR;
				CLANG_WARN_DOCUMENTATION_COMMENTS = YES;
				CLANG_WARN_EMPTY_BODY = YES;
				CLANG_WARN_ENUM_CONVERSION = YES;
				CLANG_WARN_INFINITE_RECURSION = YES;
				CLANG_WARN_INT_CONVERSION = YES;
				CLANG_WARN_NON_LITERAL_NULL_CONVERSION = YES;
				CLANG_WARN_OBJC_IMPLICIT_RETAIN_SELF = YES;
				CLANG_WARN_OBJC_LITERAL_CONVERSION = YES;
				CLANG_WARN_OBJC_ROOT_CLASS = YES_ERROR;
				CLANG_WARN_RANGE_LOOP_ANALYSIS = YES;
				CLANG_WARN_STRICT_PROTOTYPES = YES;
				CLANG_WARN_SUSPICIOUS_MOVE = YES;
				CLANG_WARN_UNGUARDED_AVAILABILITY = YES_AGGRESSIVE;
				CLANG_WARN_UNREACHABLE_CODE = YES;
				CLANG_WARN__DUPLICATE_METHOD_MATCH = YES;
				COPY_PHASE_STRIP = NO;
				DEBUG_INFORMATION_FORMAT = "dwarf-with-dsym";
				ENABLE_NS_ASSERTIONS = NO;
				ENABLE_STRICT_OBJC_MSGSEND = YES;
				GCC_C_LANGUAGE_STANDARD = gnu11;
				GCC_NO_COMMON_BLOCKS = YES;
				GCC_WARN_64_TO_32_BIT_CONVERSION = YES;
				GCC_WARN_ABOUT_RETURN_TYPE = YES_ERROR;
				GCC_WARN_UNDECLARED_SELECTOR = YES;
				GCC_WARN_UNINITIALIZED_AUTOS = YES_AGGRESSIVE;
				GCC_WARN_UNUSED_FUNCTION = YES;
				GCC_WARN_UNUSED_VARIABLE = YES;
				IPHONEOS_DEPLOYMENT_TARGET = 13.6;
				MTL_ENABLE_DEBUG_INFO = NO;
				MTL_FAST_MATH = YES;
				SDKROOT = iphoneos;
				SWIFT_COMPILATION_MODE = wholemodule;
				SWIFT_OPTIMIZATION_LEVEL = "-O";
				VALIDATE_PRODUCT = YES;
			};
			name = Release;
		};
		110568AA24EDD2A300477C52 /* Debug */ = {
			isa = XCBuildConfiguration;
			buildSettings = {
				ASSETCATALOG_COMPILER_APPICON_NAME = AppIcon;
				CODE_SIGN_STYLE = Automatic;
				DEVELOPMENT_TEAM = Y7236B8HBM;
				INFOPLIST_FILE = "TestWeatherApp/Supporting Files/Info.plist";
				LD_RUNPATH_SEARCH_PATHS = (
					"$(inherited)",
					"@executable_path/Frameworks",
				);
				PRODUCT_BUNDLE_IDENTIFIER = com.andreyushakov.TestWeatherApp;
				PRODUCT_NAME = "$(TARGET_NAME)";
				SWIFT_VERSION = 5.0;
				TARGETED_DEVICE_FAMILY = "1,2";
			};
			name = Debug;
		};
		110568AB24EDD2A300477C52 /* Release */ = {
			isa = XCBuildConfiguration;
			buildSettings = {
				ASSETCATALOG_COMPILER_APPICON_NAME = AppIcon;
				CODE_SIGN_STYLE = Automatic;
				DEVELOPMENT_TEAM = Y7236B8HBM;
				INFOPLIST_FILE = "TestWeatherApp/Supporting Files/Info.plist";
				LD_RUNPATH_SEARCH_PATHS = (
					"$(inherited)",
					"@executable_path/Frameworks",
				);
				PRODUCT_BUNDLE_IDENTIFIER = com.andreyushakov.TestWeatherApp;
				PRODUCT_NAME = "$(TARGET_NAME)";
				SWIFT_VERSION = 5.0;
				TARGETED_DEVICE_FAMILY = "1,2";
			};
			name = Release;
		};
/* End XCBuildConfiguration section */

/* Begin XCConfigurationList section */
		1105688D24EDD2A100477C52 /* Build configuration list for PBXProject "TestWeatherApp" */ = {
			isa = XCConfigurationList;
			buildConfigurations = (
				110568A724EDD2A300477C52 /* Debug */,
				110568A824EDD2A300477C52 /* Release */,
			);
			defaultConfigurationIsVisible = 0;
			defaultConfigurationName = Release;
		};
		110568A924EDD2A300477C52 /* Build configuration list for PBXNativeTarget "TestWeatherApp" */ = {
			isa = XCConfigurationList;
			buildConfigurations = (
				110568AA24EDD2A300477C52 /* Debug */,
				110568AB24EDD2A300477C52 /* Release */,
			);
			defaultConfigurationIsVisible = 0;
			defaultConfigurationName = Release;
		};
/* End XCConfigurationList section */

/* Begin XCVersionGroup section */
		1105689E24EDD2A100477C52 /* TestWeatherApp.xcdatamodeld */ = {
			isa = XCVersionGroup;
			children = (
				1105689F24EDD2A100477C52 /* TestWeatherApp.xcdatamodel */,
			);
			currentVersion = 1105689F24EDD2A100477C52 /* TestWeatherApp.xcdatamodel */;
			path = TestWeatherApp.xcdatamodeld;
			sourceTree = "<group>";
			versionGroupType = wrapper.xcdatamodel;
		};
/* End XCVersionGroup section */
	};
	rootObject = 1105688A24EDD2A100477C52 /* Project object */;
}
